
Microsoft Visual Studio Solution File, Format Version 12.00
# Visual Studio Version 17
VisualStudioVersion = 17.3.32929.385
MinimumVisualStudioVersion = 10.0.40219.1
Project("{FAE04EC0-301F-11D3-BF4B-00C04F79EFBC}") = "Lithnet.GoogleApps.MA", "Lithnet.GoogleApps.MA\Lithnet.GoogleApps.MA.csproj", "{BC2A1015-AF9B-4A54-9F04-96337D88657F}"
EndProject
Project("{FAE04EC0-301F-11D3-BF4B-00C04F79EFBC}") = "Lithnet.GoogleApps.MA.UnitTests", "Lithnet.GoogleApps.MA.UnitTests\Lithnet.GoogleApps.MA.UnitTests.csproj", "{0B79BEE9-FCBA-40F8-A8D9-870C0711D922}"
EndProject
Project("{2150E333-8FDC-42A3-9474-1A3956D46DE8}") = "External References", "External References", "{55EB03DB-B068-462F-8C81-7B072728A6B7}"
	ProjectSection(SolutionItems) = preProject
		External References\lithnet.licensing.core.dll = External References\lithnet.licensing.core.dll
		External References\mapackager.exe = External References\mapackager.exe
		External References\Microsoft.MetadirectoryServices.dll = External References\Microsoft.MetadirectoryServices.dll
		External References\Microsoft.MetadirectoryServices.xml = External References\Microsoft.MetadirectoryServices.xml
		External References\Microsoft.MetadirectoryServicesEx.dll = External References\Microsoft.MetadirectoryServicesEx.dll
		External References\Microsoft.MetadirectoryServicesEx.xml = External References\Microsoft.MetadirectoryServicesEx.xml
	EndProjectSection
EndProject
Project("{FAE04EC0-301F-11D3-BF4B-00C04F79EFBC}") = "Lithnet.GoogleApps", "..\..\googleapps-client\src\Lithnet.GoogleApps\Lithnet.GoogleApps.csproj", "{F26EAC4C-F7F2-4AEC-916D-3923B2916DA3}"
EndProject
Global
	GlobalSection(SolutionConfigurationPlatforms) = preSolution
		Debug|Any CPU = Debug|Any CPU
		Debug|x64 = Debug|x64
		Debug|x86 = Debug|x86
		Release|Any CPU = Release|Any CPU
		Release|x64 = Release|x64
		Release|x86 = Release|x86
	EndGlobalSection
	GlobalSection(ProjectConfigurationPlatforms) = postSolution
		{BC2A1015-AF9B-4A54-9F04-96337D88657F}.Debug|Any CPU.ActiveCfg = Debug|Any CPU
		{BC2A1015-AF9B-4A54-9F04-96337D88657F}.Debug|Any CPU.Build.0 = Debug|Any CPU
		{BC2A1015-AF9B-4A54-9F04-96337D88657F}.Debug|x64.ActiveCfg = Debug|x64
		{BC2A1015-AF9B-4A54-9F04-96337D88657F}.Debug|x64.Build.0 = Debug|x64
		{BC2A1015-AF9B-4A54-9F04-96337D88657F}.Debug|x86.ActiveCfg = Debug|Any CPU
		{BC2A1015-AF9B-4A54-9F04-96337D88657F}.Debug|x86.Build.0 = Debug|Any CPU
		{BC2A1015-AF9B-4A54-9F04-96337D88657F}.Release|Any CPU.ActiveCfg = Release|Any CPU
		{BC2A1015-AF9B-4A54-9F04-96337D88657F}.Release|Any CPU.Build.0 = Release|Any CPU
		{BC2A1015-AF9B-4A54-9F04-96337D88657F}.Release|x64.ActiveCfg = Release|x64
		{BC2A1015-AF9B-4A54-9F04-96337D88657F}.Release|x64.Build.0 = Release|x64
		{BC2A1015-AF9B-4A54-9F04-96337D88657F}.Release|x86.ActiveCfg = Release|Any CPU
		{BC2A1015-AF9B-4A54-9F04-96337D88657F}.Release|x86.Build.0 = Release|Any CPU
		{0B79BEE9-FCBA-40F8-A8D9-870C0711D922}.Debug|Any CPU.ActiveCfg = Debug|Any CPU
		{0B79BEE9-FCBA-40F8-A8D9-870C0711D922}.Debug|Any CPU.Build.0 = Debug|Any CPU
		{0B79BEE9-FCBA-40F8-A8D9-870C0711D922}.Debug|x64.ActiveCfg = Debug|x64
		{0B79BEE9-FCBA-40F8-A8D9-870C0711D922}.Debug|x64.Build.0 = Debug|x64
		{0B79BEE9-FCBA-40F8-A8D9-870C0711D922}.Debug|x86.ActiveCfg = Debug|Any CPU
		{0B79BEE9-FCBA-40F8-A8D9-870C0711D922}.Debug|x86.Build.0 = Debug|Any CPU
		{0B79BEE9-FCBA-40F8-A8D9-870C0711D922}.Release|Any CPU.ActiveCfg = Release|Any CPU
		{0B79BEE9-FCBA-40F8-A8D9-870C0711D922}.Release|Any CPU.Build.0 = Release|Any CPU
		{0B79BEE9-FCBA-40F8-A8D9-870C0711D922}.Release|x64.ActiveCfg = Release|x64
		{0B79BEE9-FCBA-40F8-A8D9-870C0711D922}.Release|x64.Build.0 = Release|x64
		{0B79BEE9-FCBA-40F8-A8D9-870C0711D922}.Release|x86.ActiveCfg = Release|Any CPU
		{0B79BEE9-FCBA-40F8-A8D9-870C0711D922}.Release|x86.Build.0 = Release|Any CPU
		{F26EAC4C-F7F2-4AEC-916D-3923B2916DA3}.Debug|Any CPU.ActiveCfg = Debug|Any CPU
		{F26EAC4C-F7F2-4AEC-916D-3923B2916DA3}.Debug|Any CPU.Build.0 = Debug|Any CPU
		{F26EAC4C-F7F2-4AEC-916D-3923B2916DA3}.Debug|x64.ActiveCfg = Debug|x64
		{F26EAC4C-F7F2-4AEC-916D-3923B2916DA3}.Debug|x64.Build.0 = Debug|x64
		{F26EAC4C-F7F2-4AEC-916D-3923B2916DA3}.Debug|x86.ActiveCfg = Debug|Any CPU
		{F26EAC4C-F7F2-4AEC-916D-3923B2916DA3}.Debug|x86.Build.0 = Debug|Any CPU
		{F26EAC4C-F7F2-4AEC-916D-3923B2916DA3}.Release|Any CPU.ActiveCfg = Release|Any CPU
		{F26EAC4C-F7F2-4AEC-916D-3923B2916DA3}.Release|Any CPU.Build.0 = Release|Any CPU
		{F26EAC4C-F7F2-4AEC-916D-3923B2916DA3}.Release|x64.ActiveCfg = Release|x64
		{F26EAC4C-F7F2-4AEC-916D-3923B2916DA3}.Release|x64.Build.0 = Release|x64
		{F26EAC4C-F7F2-4AEC-916D-3923B2916DA3}.Release|x86.ActiveCfg = Release|Any CPU
		{F26EAC4C-F7F2-4AEC-916D-3923B2916DA3}.Release|x86.Build.0 = Release|Any CPU
	EndGlobalSection
	GlobalSection(SolutionProperties) = preSolution
		HideSolutionNode = FALSE
	EndGlobalSection
	GlobalSection(ExtensibilityGlobals) = postSolution
		SolutionGuid = {4088BDFC-100F-4715-A717-27FBF6F057FD}
	EndGlobalSection
EndGlobal
